
Microsoft Visual Studio Solution File, Format Version 12.00
# Visual Studio Version 17
VisualStudioVersion = 17.3.32929.385
MinimumVisualStudioVersion = 10.0.40219.1
Project("{9A19103F-16F7-4668-BE54-9A1E7A4F7556}") = "Connect4", "connect-4\Connect4.csproj", "{05785086-1551-4F86-9E02-76F6F2B374A6}"
EndProject
Project("{9A19103F-16F7-4668-BE54-9A1E7A4F7556}") = "Connect4Core", "connect-4-core\Connect4Core.csproj", "{452773BB-DDDA-4B39-AEE7-75B35DDC0985}"
EndProject
Global
	GlobalSection(SolutionConfigurationPlatforms) = preSolution
		Debug|Any CPU = Debug|Any CPU
		Release|Any CPU = Release|Any CPU
	EndGlobalSection
	GlobalSection(ProjectConfigurationPlatforms) = postSolution
		{05785086-1551-4F86-9E02-76F6F2B374A6}.Debug|Any CPU.ActiveCfg = Debug|Any CPU
		{05785086-1551-4F86-9E02-76F6F2B374A6}.Debug|Any CPU.Build.0 = Debug|Any CPU
		{05785086-1551-4F86-9E02-76F6F2B374A6}.Release|Any CPU.ActiveCfg = Release|Any CPU
		{05785086-1551-4F86-9E02-76F6F2B374A6}.Release|Any CPU.Build.0 = Release|Any CPU
		{452773BB-DDDA-4B39-AEE7-75B35DDC0985}.Debug|Any CPU.ActiveCfg = Debug|Any CPU
		{452773BB-DDDA-4B39-AEE7-75B35DDC0985}.Debug|Any CPU.Build.0 = Debug|Any CPU
		{452773BB-DDDA-4B39-AEE7-75B35DDC0985}.Release|Any CPU.ActiveCfg = Release|Any CPU
		{452773BB-DDDA-4B39-AEE7-75B35DDC0985}.Release|Any CPU.Build.0 = Release|Any CPU
	EndGlobalSection
	GlobalSection(SolutionProperties) = preSolution
		HideSolutionNode = FALSE
	EndGlobalSection
	GlobalSection(ExtensibilityGlobals) = postSolution
		SolutionGuid = {0F0E2B27-FCC9-46C2-B6DE-99B41D1B04C9}
	EndGlobalSection
EndGlobal
